
Microsoft Visual Studio Solution File, Format Version 12.00
# Visual Studio Version 16
VisualStudioVersion = 16.0.31112.23
MinimumVisualStudioVersion = 10.0.40219.1
Project("{FAE04EC0-301F-11D3-BF4B-00C04F79EFBC}") = "HmWrk_Presentation8", "HmWrk_Presentation8\HmWrk_Presentation8.csproj", "{542E0B9E-A95E-4F14-B867-93DE41F5F3BC}"
EndProject
Global
	GlobalSection(SolutionConfigurationPlatforms) = preSolution
		Debug|Any CPU = Debug|Any CPU
		Release|Any CPU = Release|Any CPU
	EndGlobalSection
	GlobalSection(ProjectConfigurationPlatforms) = postSolution
		{542E0B9E-A95E-4F14-B867-93DE41F5F3BC}.Debug|Any CPU.ActiveCfg = Debug|Any CPU
		{542E0B9E-A95E-4F14-B867-93DE41F5F3BC}.Debug|Any CPU.Build.0 = Debug|Any CPU
		{542E0B9E-A95E-4F14-B867-93DE41F5F3BC}.Release|Any CPU.ActiveCfg = Release|Any CPU
		{542E0B9E-A95E-4F14-B867-93DE41F5F3BC}.Release|Any CPU.Build.0 = Release|Any CPU
	EndGlobalSection
	GlobalSection(SolutionProperties) = preSolution
		HideSolutionNode = FALSE
	EndGlobalSection
	GlobalSection(ExtensibilityGlobals) = postSolution
		SolutionGuid = {D889826F-3D79-49C0-9CBA-BD131549706C}
	EndGlobalSection
EndGlobal
