
Microsoft Visual Studio Solution File, Format Version 12.00
# Visual Studio Version 16
VisualStudioVersion = 16.0.31112.23
MinimumVisualStudioVersion = 10.0.40219.1
Project("{FAE04EC0-301F-11D3-BF4B-00C04F79EFBC}") = "HmWrk_Presentation2", "HmWrk_Presentation2\HmWrk_Presentation2.csproj", "{04AA35CA-E1C1-49BD-9C64-88977EB5C8EF}"
EndProject
Global
	GlobalSection(SolutionConfigurationPlatforms) = preSolution
		Debug|Any CPU = Debug|Any CPU
		Release|Any CPU = Release|Any CPU
	EndGlobalSection
	GlobalSection(ProjectConfigurationPlatforms) = postSolution
		{04AA35CA-E1C1-49BD-9C64-88977EB5C8EF}.Debug|Any CPU.ActiveCfg = Debug|Any CPU
		{04AA35CA-E1C1-49BD-9C64-88977EB5C8EF}.Debug|Any CPU.Build.0 = Debug|Any CPU
		{04AA35CA-E1C1-49BD-9C64-88977EB5C8EF}.Release|Any CPU.ActiveCfg = Release|Any CPU
		{04AA35CA-E1C1-49BD-9C64-88977EB5C8EF}.Release|Any CPU.Build.0 = Release|Any CPU
	EndGlobalSection
	GlobalSection(SolutionProperties) = preSolution
		HideSolutionNode = FALSE
	EndGlobalSection
	GlobalSection(ExtensibilityGlobals) = postSolution
		SolutionGuid = {6F8CDF1C-9EB7-46E9-873C-9B05A545203E}
	EndGlobalSection
EndGlobal
