
Microsoft Visual Studio Solution File, Format Version 12.00
# Visual Studio Version 16
VisualStudioVersion = 16.0.31112.23
MinimumVisualStudioVersion = 10.0.40219.1
Project("{FAE04EC0-301F-11D3-BF4B-00C04F79EFBC}") = "HmWrk_Presentation7", "HmWrk_Presentation7\HmWrk_Presentation7.csproj", "{85AF3EB5-01DE-4D6E-971B-2929E1A05112}"
EndProject
Global
	GlobalSection(SolutionConfigurationPlatforms) = preSolution
		Debug|Any CPU = Debug|Any CPU
		Release|Any CPU = Release|Any CPU
	EndGlobalSection
	GlobalSection(ProjectConfigurationPlatforms) = postSolution
		{85AF3EB5-01DE-4D6E-971B-2929E1A05112}.Debug|Any CPU.ActiveCfg = Debug|Any CPU
		{85AF3EB5-01DE-4D6E-971B-2929E1A05112}.Debug|Any CPU.Build.0 = Debug|Any CPU
		{85AF3EB5-01DE-4D6E-971B-2929E1A05112}.Release|Any CPU.ActiveCfg = Release|Any CPU
		{85AF3EB5-01DE-4D6E-971B-2929E1A05112}.Release|Any CPU.Build.0 = Release|Any CPU
	EndGlobalSection
	GlobalSection(SolutionProperties) = preSolution
		HideSolutionNode = FALSE
	EndGlobalSection
	GlobalSection(ExtensibilityGlobals) = postSolution
		SolutionGuid = {B066846B-1F57-4345-B3DF-2AD39FE6EEA1}
	EndGlobalSection
EndGlobal
