
Microsoft Visual Studio Solution File, Format Version 12.00
# Visual Studio Version 16
VisualStudioVersion = 16.0.31112.23
MinimumVisualStudioVersion = 10.0.40219.1
Project("{FAE04EC0-301F-11D3-BF4B-00C04F79EFBC}") = "Task5.1_Presentation5", "Task5.1_Presentation5\Task5.1_Presentation5.csproj", "{CE3C2931-1BAC-481A-99A3-B051C9701898}"
EndProject
Global
	GlobalSection(SolutionConfigurationPlatforms) = preSolution
		Debug|Any CPU = Debug|Any CPU
		Release|Any CPU = Release|Any CPU
	EndGlobalSection
	GlobalSection(ProjectConfigurationPlatforms) = postSolution
		{CE3C2931-1BAC-481A-99A3-B051C9701898}.Debug|Any CPU.ActiveCfg = Debug|Any CPU
		{CE3C2931-1BAC-481A-99A3-B051C9701898}.Debug|Any CPU.Build.0 = Debug|Any CPU
		{CE3C2931-1BAC-481A-99A3-B051C9701898}.Release|Any CPU.ActiveCfg = Release|Any CPU
		{CE3C2931-1BAC-481A-99A3-B051C9701898}.Release|Any CPU.Build.0 = Release|Any CPU
	EndGlobalSection
	GlobalSection(SolutionProperties) = preSolution
		HideSolutionNode = FALSE
	EndGlobalSection
	GlobalSection(ExtensibilityGlobals) = postSolution
		SolutionGuid = {007EDF3E-8474-43B7-B976-92F29256F723}
	EndGlobalSection
EndGlobal
